
Microsoft Visual Studio Solution File, Format Version 12.00
# Visual Studio Version 17
VisualStudioVersion = 17.9.34511.98
MinimumVisualStudioVersion = 10.0.40219.1
Project("{FAE04EC0-301F-11D3-BF4B-00C04F79EFBC}") = "MyOldButNewApp", "MyOldButNewApp\MyOldButNewApp.csproj", "{9E16204C-2073-4B63-8F3C-24FE616B2A7E}"
EndProject
Global
	GlobalSection(SolutionConfigurationPlatforms) = preSolution
		Debug|Any CPU = Debug|Any CPU
		Release|Any CPU = Release|Any CPU
	EndGlobalSection
	GlobalSection(ProjectConfigurationPlatforms) = postSolution
		{9E16204C-2073-4B63-8F3C-24FE616B2A7E}.Debug|Any CPU.ActiveCfg = Debug|Any CPU
		{9E16204C-2073-4B63-8F3C-24FE616B2A7E}.Debug|Any CPU.Build.0 = Debug|Any CPU
		{9E16204C-2073-4B63-8F3C-24FE616B2A7E}.Release|Any CPU.ActiveCfg = Release|Any CPU
		{9E16204C-2073-4B63-8F3C-24FE616B2A7E}.Release|Any CPU.Build.0 = Release|Any CPU
	EndGlobalSection
	GlobalSection(SolutionProperties) = preSolution
		HideSolutionNode = FALSE
	EndGlobalSection
	GlobalSection(ExtensibilityGlobals) = postSolution
		SolutionGuid = {2906F1FA-DD4C-43EB-BF90-463690922F00}
	EndGlobalSection
EndGlobal
